
Microsoft Visual Studio Solution File, Format Version 12.00
# Visual Studio Version 17
VisualStudioVersion = 17.7.34031.279
MinimumVisualStudioVersion = 10.0.40219.1
Project("{9A19103F-16F7-4668-BE54-9A1E7A4F7556}") = "LazyMagic.Client.TreeViewModel", "LazyMagic.Client.TreeViewModel\LazyMagic.Client.TreeViewModel.csproj", "{A2A5D963-AC9B-42DC-B28C-007ED6E421EF}"
EndProject
Project("{9A19103F-16F7-4668-BE54-9A1E7A4F7556}") = "LazyMagic.Client.Auth", "LazyMagic.Client.Auth\LazyMagic.Client.Auth.csproj", "{75A862C7-7D35-445C-A89E-F49000C039D7}"
EndProject
Project("{9A19103F-16F7-4668-BE54-9A1E7A4F7556}") = "LazyMagic.Client.Base", "LazyMagic.Client.Base\LazyMagic.Client.Base.csproj", "{599D4DEF-A04D-4DD2-A3BC-BEA46E802147}"
EndProject
Project("{9A19103F-16F7-4668-BE54-9A1E7A4F7556}") = "LazyMagic.Blazor", "LazyMagic.Blazor\LazyMagic.Blazor.csproj", "{8D0527CB-7399-42D0-AF9B-9C3ED29323C5}"
EndProject
Project("{9A19103F-16F7-4668-BE54-9A1E7A4F7556}") = "LazyMagic.Client.CognitoValidation", "LazyMagic.Client.CognitoValidation\LazyMagic.Client.CognitoValidation.csproj", "{F6030AAD-1BD6-4979-A18F-B46C25246DE9}"
EndProject
Project("{2150E333-8FDC-42A3-9474-1A3956D46DE8}") = "Solution Items", "Solution Items", "{1B69CA48-CBB7-4EB7-B034-F3BE7D8220D2}"
	ProjectSection(SolutionItems) = preProject
		.gitignore = .gitignore
		CommonPackageHandling.targets = CommonPackageHandling.targets
		Directory.Packages.props = Directory.Packages.props
		LICENSE.txt = LICENSE.txt
		.github\workflows\publish-nuget.yaml = .github\workflows\publish-nuget.yaml
		README.md = README.md
	EndProjectSection
EndProject
Project("{9A19103F-16F7-4668-BE54-9A1E7A4F7556}") = "LazyMagic.Client.ViewModels", "LazyMagic.Client.ViewModels\LazyMagic.Client.ViewModels.csproj", "{12677965-F4C1-452A-A5A1-D635F11B9C98}"
EndProject
Project("{9A19103F-16F7-4668-BE54-9A1E7A4F7556}") = "LazyMagic.BlazoriseComponents", "LazyMagic.Blazorise\LazyMagic.BlazoriseComponents.csproj", "{08E9655D-1121-4EB4-87CB-3CBEF8EBA65A}"
EndProject
Project("{9A19103F-16F7-4668-BE54-9A1E7A4F7556}") = "LazyMagic.Client.FactoryGenerator", "LazyMagic.Client.FactoryGenerator\LazyMagic.Client.FactoryGenerator.csproj", "{EB08194A-6AAE-4341-B57E-BBCA84389B70}"
EndProject
Project("{9A19103F-16F7-4668-BE54-9A1E7A4F7556}") = "LazyMagic.BlazorSvg", "LazyMagic.BlazorSvg\LazyMagic.BlazorSvg.csproj", "{D77EB90B-1F1D-4E14-B1C3-F67B46DB3ED9}"
EndProject
Project("{9A19103F-16F7-4668-BE54-9A1E7A4F7556}") = "LazyMagic.Client.DIHelper", "LazyMagic.Client.DIHelper\LazyMagic.Client.DIHelper.csproj", "{AE0C7966-6801-409E-9CF0-D4F9686EEF5B}"
EndProject
Project("{9A19103F-16F7-4668-BE54-9A1E7A4F7556}") = "LazyMagic.Client.AuthTest", "LazyMagic.Client.AuthTest\LazyMagic.Client.AuthTest.csproj", "{27F5EAC2-1853-47CD-9156-3324ED320CFD}"
EndProject
Project("{9A19103F-16F7-4668-BE54-9A1E7A4F7556}") = "LazyMagic.Client.ViewModels.Auth", "LazyMagic.Client.ViewModels.Auth\LazyMagic.Client.ViewModels.Auth.csproj", "{B677F274-8928-485E-80DF-A425AA1AC566}"
EndProject
Project("{9A19103F-16F7-4668-BE54-9A1E7A4F7556}") = "LazyMagic.Client.ViewModels.Auth.Notifications", "LazyMagic.Client.ViewModels.Auth.Notifications\LazyMagic.Client.ViewModels.Auth.Notifications.csproj", "{40AF386D-B092-498E-9610-294EBA521EC3}"
EndProject
Project("{2150E333-8FDC-42A3-9474-1A3956D46DE8}") = "Analyzers", "Analyzers", "{48AC52DC-AF9B-4E81-9E04-56F7AC46F1B7}"
EndProject
Project("{2150E333-8FDC-42A3-9474-1A3956D46DE8}") = "Auth", "Auth", "{B863BB40-09C4-4B14-9ABB-C039BC85E223}"
EndProject
Project("{2150E333-8FDC-42A3-9474-1A3956D46DE8}") = "ViewModels", "ViewModels", "{1B339ED2-D31A-47B1-AF21-B6626403066B}"
EndProject
Project("{2150E333-8FDC-42A3-9474-1A3956D46DE8}") = "Blazor", "Blazor", "{193E0079-874E-484A-896A-9AE206019D20}"
EndProject
Project("{9A19103F-16F7-4668-BE54-9A1E7A4F7556}") = "LazyMagic.Blazor.Auth", "LazyMagic.Blazor.Auth\LazyMagic.Blazor.Auth.csproj", "{45CC295F-D3FE-4C31-B6CD-4C8604F5FEC6}"
EndProject
Project("{9A19103F-16F7-4668-BE54-9A1E7A4F7556}") = "LazyMagic.BlazoriseComponents.Auth", "LazyMagic.BlazoriseComponents.Auth\LazyMagic.BlazoriseComponents.Auth.csproj", "{17A5A48A-AC1A-414B-9DED-7AE515C2DC6F}"
EndProject
Project("{2150E333-8FDC-42A3-9474-1A3956D46DE8}") = "Blazorise", "Blazorise", "{7C5BB394-D6C5-48A8-9C08-76FE87BD8AA8}"
EndProject
Project("{9A19103F-16F7-4668-BE54-9A1E7A4F7556}") = "LazyMagic.Client.Auth.Cognito", "LazyMagic.Client.Auth.Cognito\LazyMagic.Client.Auth.Cognito.csproj", "{C9FC7D69-E2F3-422F-8322-9D15EE455DB1}"
EndProject
Project("{9A19103F-16F7-4668-BE54-9A1E7A4F7556}") = "BlazorTest.WASM", "BlazorTest.WASM\BlazorTest.WASM.csproj", "{80E474CE-7D45-492F-92B7-67A1ABD65CD7}"
	ProjectSection(ProjectDependencies) = postProject
		{AE0C7966-6801-409E-9CF0-D4F9686EEF5B} = {AE0C7966-6801-409E-9CF0-D4F9686EEF5B}
		{EB08194A-6AAE-4341-B57E-BBCA84389B70} = {EB08194A-6AAE-4341-B57E-BBCA84389B70}
	EndProjectSection
EndProject
Project("{9A19103F-16F7-4668-BE54-9A1E7A4F7556}") = "LazyMagic.Client.Auth.Cognito.SigV4", "LazyMagic.Client.Auth.Cognito.SigV4\LazyMagic.Client.Auth.Cognito.SigV4.csproj", "{E3FDA1AA-689E-462C-BB9E-5F2ABC809212}"
EndProject
Project("{9A19103F-16F7-4668-BE54-9A1E7A4F7556}") = "LazyMagic.Client.Analyziers", "LazyMagic.Client.Analyziers\LazyMagic.Client.Analyziers.csproj", "{F4324EF1-BAB6-47A5-89CF-2C4C2434E932}"
EndProject
Project("{9A19103F-16F7-4668-BE54-9A1E7A4F7556}") = "LazyMagic.MudBlazorComponents.Auth", "LazyMagic.MudBlazorComponents.Auth\LazyMagic.MudBlazorComponents.Auth.csproj", "{73A061BE-FC2B-4AE4-A246-D13FAFA391A6}"
EndProject
Project("{2150E333-8FDC-42A3-9474-1A3956D46DE8}") = "MudBlazor", "MudBlazor", "{5F09E10C-7D9E-44BC-B0E5-C48D58F2AACA}"
EndProject
Project("{9A19103F-16F7-4668-BE54-9A1E7A4F7556}") = "LazyMagic.MudBlazor.Components", "LazyMagic.MudBlazor.Components\LazyMagic.MudBlazor.Components.csproj", "{4ED7247F-FA0A-41E6-BCC6-98ED006C146A}"
EndProject
Project("{9A19103F-16F7-4668-BE54-9A1E7A4F7556}") = "LazyMagic.Client.ModelGenerator", "LazyMagic.Client.ModelGenerator\LazyMagic.Client.ModelGenerator.csproj", "{87824360-4F14-49EE-96A7-95712F862D3D}"
EndProject
Project("{9A19103F-16F7-4668-BE54-9A1E7A4F7556}") = "BlazorizeTest.WASM", "BlazorizeTest.WASM\BlazorizeTest.WASM.csproj", "{C7F351B3-FEE6-444E-9608-43E798BACB92}"
EndProject
Global
	GlobalSection(SolutionConfigurationPlatforms) = preSolution
		Debug|Any CPU = Debug|Any CPU
		Release|Any CPU = Release|Any CPU
	EndGlobalSection
	GlobalSection(ProjectConfigurationPlatforms) = postSolution
		{A2A5D963-AC9B-42DC-B28C-007ED6E421EF}.Debug|Any CPU.ActiveCfg = Debug|Any CPU
		{A2A5D963-AC9B-42DC-B28C-007ED6E421EF}.Debug|Any CPU.Build.0 = Debug|Any CPU
		{A2A5D963-AC9B-42DC-B28C-007ED6E421EF}.Release|Any CPU.ActiveCfg = Release|Any CPU
		{A2A5D963-AC9B-42DC-B28C-007ED6E421EF}.Release|Any CPU.Build.0 = Release|Any CPU
		{75A862C7-7D35-445C-A89E-F49000C039D7}.Debug|Any CPU.ActiveCfg = Debug|Any CPU
		{75A862C7-7D35-445C-A89E-F49000C039D7}.Debug|Any CPU.Build.0 = Debug|Any CPU
		{75A862C7-7D35-445C-A89E-F49000C039D7}.Release|Any CPU.ActiveCfg = Release|Any CPU
		{75A862C7-7D35-445C-A89E-F49000C039D7}.Release|Any CPU.Build.0 = Release|Any CPU
		{599D4DEF-A04D-4DD2-A3BC-BEA46E802147}.Debug|Any CPU.ActiveCfg = Debug|Any CPU
		{599D4DEF-A04D-4DD2-A3BC-BEA46E802147}.Debug|Any CPU.Build.0 = Debug|Any CPU
		{599D4DEF-A04D-4DD2-A3BC-BEA46E802147}.Release|Any CPU.ActiveCfg = Release|Any CPU
		{599D4DEF-A04D-4DD2-A3BC-BEA46E802147}.Release|Any CPU.Build.0 = Release|Any CPU
		{8D0527CB-7399-42D0-AF9B-9C3ED29323C5}.Debug|Any CPU.ActiveCfg = Debug|Any CPU
		{8D0527CB-7399-42D0-AF9B-9C3ED29323C5}.Debug|Any CPU.Build.0 = Debug|Any CPU
		{8D0527CB-7399-42D0-AF9B-9C3ED29323C5}.Release|Any CPU.ActiveCfg = Release|Any CPU
		{8D0527CB-7399-42D0-AF9B-9C3ED29323C5}.Release|Any CPU.Build.0 = Release|Any CPU
		{F6030AAD-1BD6-4979-A18F-B46C25246DE9}.Debug|Any CPU.ActiveCfg = Debug|Any CPU
		{F6030AAD-1BD6-4979-A18F-B46C25246DE9}.Debug|Any CPU.Build.0 = Debug|Any CPU
		{F6030AAD-1BD6-4979-A18F-B46C25246DE9}.Release|Any CPU.ActiveCfg = Release|Any CPU
		{F6030AAD-1BD6-4979-A18F-B46C25246DE9}.Release|Any CPU.Build.0 = Release|Any CPU
		{12677965-F4C1-452A-A5A1-D635F11B9C98}.Debug|Any CPU.ActiveCfg = Debug|Any CPU
		{12677965-F4C1-452A-A5A1-D635F11B9C98}.Debug|Any CPU.Build.0 = Debug|Any CPU
		{12677965-F4C1-452A-A5A1-D635F11B9C98}.Release|Any CPU.ActiveCfg = Release|Any CPU
		{12677965-F4C1-452A-A5A1-D635F11B9C98}.Release|Any CPU.Build.0 = Release|Any CPU
		{08E9655D-1121-4EB4-87CB-3CBEF8EBA65A}.Debug|Any CPU.ActiveCfg = Debug|Any CPU
		{08E9655D-1121-4EB4-87CB-3CBEF8EBA65A}.Debug|Any CPU.Build.0 = Debug|Any CPU
		{08E9655D-1121-4EB4-87CB-3CBEF8EBA65A}.Release|Any CPU.ActiveCfg = Release|Any CPU
		{08E9655D-1121-4EB4-87CB-3CBEF8EBA65A}.Release|Any CPU.Build.0 = Release|Any CPU
		{EB08194A-6AAE-4341-B57E-BBCA84389B70}.Debug|Any CPU.ActiveCfg = Debug|Any CPU
		{EB08194A-6AAE-4341-B57E-BBCA84389B70}.Debug|Any CPU.Build.0 = Debug|Any CPU
		{EB08194A-6AAE-4341-B57E-BBCA84389B70}.Release|Any CPU.ActiveCfg = Release|Any CPU
		{EB08194A-6AAE-4341-B57E-BBCA84389B70}.Release|Any CPU.Build.0 = Release|Any CPU
		{D77EB90B-1F1D-4E14-B1C3-F67B46DB3ED9}.Debug|Any CPU.ActiveCfg = Debug|Any CPU
		{D77EB90B-1F1D-4E14-B1C3-F67B46DB3ED9}.Debug|Any CPU.Build.0 = Debug|Any CPU
		{D77EB90B-1F1D-4E14-B1C3-F67B46DB3ED9}.Release|Any CPU.ActiveCfg = Release|Any CPU
		{D77EB90B-1F1D-4E14-B1C3-F67B46DB3ED9}.Release|Any CPU.Build.0 = Release|Any CPU
		{AE0C7966-6801-409E-9CF0-D4F9686EEF5B}.Debug|Any CPU.ActiveCfg = Debug|Any CPU
		{AE0C7966-6801-409E-9CF0-D4F9686EEF5B}.Debug|Any CPU.Build.0 = Debug|Any CPU
		{AE0C7966-6801-409E-9CF0-D4F9686EEF5B}.Release|Any CPU.ActiveCfg = Release|Any CPU
		{AE0C7966-6801-409E-9CF0-D4F9686EEF5B}.Release|Any CPU.Build.0 = Release|Any CPU
		{27F5EAC2-1853-47CD-9156-3324ED320CFD}.Debug|Any CPU.ActiveCfg = Debug|Any CPU
		{27F5EAC2-1853-47CD-9156-3324ED320CFD}.Debug|Any CPU.Build.0 = Debug|Any CPU
		{27F5EAC2-1853-47CD-9156-3324ED320CFD}.Release|Any CPU.ActiveCfg = Release|Any CPU
		{27F5EAC2-1853-47CD-9156-3324ED320CFD}.Release|Any CPU.Build.0 = Release|Any CPU
		{B677F274-8928-485E-80DF-A425AA1AC566}.Debug|Any CPU.ActiveCfg = Debug|Any CPU
		{B677F274-8928-485E-80DF-A425AA1AC566}.Debug|Any CPU.Build.0 = Debug|Any CPU
		{B677F274-8928-485E-80DF-A425AA1AC566}.Release|Any CPU.ActiveCfg = Release|Any CPU
		{B677F274-8928-485E-80DF-A425AA1AC566}.Release|Any CPU.Build.0 = Release|Any CPU
		{40AF386D-B092-498E-9610-294EBA521EC3}.Debug|Any CPU.ActiveCfg = Debug|Any CPU
		{40AF386D-B092-498E-9610-294EBA521EC3}.Debug|Any CPU.Build.0 = Debug|Any CPU
		{40AF386D-B092-498E-9610-294EBA521EC3}.Release|Any CPU.ActiveCfg = Release|Any CPU
		{40AF386D-B092-498E-9610-294EBA521EC3}.Release|Any CPU.Build.0 = Release|Any CPU
		{45CC295F-D3FE-4C31-B6CD-4C8604F5FEC6}.Debug|Any CPU.ActiveCfg = Debug|Any CPU
		{45CC295F-D3FE-4C31-B6CD-4C8604F5FEC6}.Debug|Any CPU.Build.0 = Debug|Any CPU
		{45CC295F-D3FE-4C31-B6CD-4C8604F5FEC6}.Release|Any CPU.ActiveCfg = Release|Any CPU
		{45CC295F-D3FE-4C31-B6CD-4C8604F5FEC6}.Release|Any CPU.Build.0 = Release|Any CPU
		{17A5A48A-AC1A-414B-9DED-7AE515C2DC6F}.Debug|Any CPU.ActiveCfg = Debug|Any CPU
		{17A5A48A-AC1A-414B-9DED-7AE515C2DC6F}.Debug|Any CPU.Build.0 = Debug|Any CPU
		{17A5A48A-AC1A-414B-9DED-7AE515C2DC6F}.Release|Any CPU.ActiveCfg = Release|Any CPU
		{17A5A48A-AC1A-414B-9DED-7AE515C2DC6F}.Release|Any CPU.Build.0 = Release|Any CPU
		{C9FC7D69-E2F3-422F-8322-9D15EE455DB1}.Debug|Any CPU.ActiveCfg = Debug|Any CPU
		{C9FC7D69-E2F3-422F-8322-9D15EE455DB1}.Debug|Any CPU.Build.0 = Debug|Any CPU
		{C9FC7D69-E2F3-422F-8322-9D15EE455DB1}.Release|Any CPU.ActiveCfg = Release|Any CPU
		{C9FC7D69-E2F3-422F-8322-9D15EE455DB1}.Release|Any CPU.Build.0 = Release|Any CPU
		{80E474CE-7D45-492F-92B7-67A1ABD65CD7}.Debug|Any CPU.ActiveCfg = Debug|Any CPU
		{80E474CE-7D45-492F-92B7-67A1ABD65CD7}.Debug|Any CPU.Build.0 = Debug|Any CPU
		{80E474CE-7D45-492F-92B7-67A1ABD65CD7}.Release|Any CPU.ActiveCfg = Release|Any CPU
		{80E474CE-7D45-492F-92B7-67A1ABD65CD7}.Release|Any CPU.Build.0 = Release|Any CPU
		{E3FDA1AA-689E-462C-BB9E-5F2ABC809212}.Debug|Any CPU.ActiveCfg = Debug|Any CPU
		{E3FDA1AA-689E-462C-BB9E-5F2ABC809212}.Debug|Any CPU.Build.0 = Debug|Any CPU
		{E3FDA1AA-689E-462C-BB9E-5F2ABC809212}.Release|Any CPU.ActiveCfg = Release|Any CPU
		{E3FDA1AA-689E-462C-BB9E-5F2ABC809212}.Release|Any CPU.Build.0 = Release|Any CPU
		{F4324EF1-BAB6-47A5-89CF-2C4C2434E932}.Debug|Any CPU.ActiveCfg = Debug|Any CPU
		{F4324EF1-BAB6-47A5-89CF-2C4C2434E932}.Debug|Any CPU.Build.0 = Debug|Any CPU
		{F4324EF1-BAB6-47A5-89CF-2C4C2434E932}.Release|Any CPU.ActiveCfg = Release|Any CPU
		{F4324EF1-BAB6-47A5-89CF-2C4C2434E932}.Release|Any CPU.Build.0 = Release|Any CPU
		{73A061BE-FC2B-4AE4-A246-D13FAFA391A6}.Debug|Any CPU.ActiveCfg = Debug|Any CPU
		{73A061BE-FC2B-4AE4-A246-D13FAFA391A6}.Debug|Any CPU.Build.0 = Debug|Any CPU
		{73A061BE-FC2B-4AE4-A246-D13FAFA391A6}.Release|Any CPU.ActiveCfg = Release|Any CPU
		{73A061BE-FC2B-4AE4-A246-D13FAFA391A6}.Release|Any CPU.Build.0 = Release|Any CPU
		{4ED7247F-FA0A-41E6-BCC6-98ED006C146A}.Debug|Any CPU.ActiveCfg = Debug|Any CPU
		{4ED7247F-FA0A-41E6-BCC6-98ED006C146A}.Debug|Any CPU.Build.0 = Debug|Any CPU
		{4ED7247F-FA0A-41E6-BCC6-98ED006C146A}.Release|Any CPU.ActiveCfg = Release|Any CPU
		{4ED7247F-FA0A-41E6-BCC6-98ED006C146A}.Release|Any CPU.Build.0 = Release|Any CPU
		{87824360-4F14-49EE-96A7-95712F862D3D}.Debug|Any CPU.ActiveCfg = Debug|Any CPU
		{87824360-4F14-49EE-96A7-95712F862D3D}.Debug|Any CPU.Build.0 = Debug|Any CPU
		{87824360-4F14-49EE-96A7-95712F862D3D}.Release|Any CPU.ActiveCfg = Release|Any CPU
		{87824360-4F14-49EE-96A7-95712F862D3D}.Release|Any CPU.Build.0 = Release|Any CPU
		{C7F351B3-FEE6-444E-9608-43E798BACB92}.Debug|Any CPU.ActiveCfg = Debug|Any CPU
		{C7F351B3-FEE6-444E-9608-43E798BACB92}.Debug|Any CPU.Build.0 = Debug|Any CPU
		{C7F351B3-FEE6-444E-9608-43E798BACB92}.Release|Any CPU.ActiveCfg = Release|Any CPU
		{C7F351B3-FEE6-444E-9608-43E798BACB92}.Release|Any CPU.Build.0 = Release|Any CPU
	EndGlobalSection
	GlobalSection(SolutionProperties) = preSolution
		HideSolutionNode = FALSE
	EndGlobalSection
	GlobalSection(NestedProjects) = preSolution
		{A2A5D963-AC9B-42DC-B28C-007ED6E421EF} = {48AC52DC-AF9B-4E81-9E04-56F7AC46F1B7}
		{75A862C7-7D35-445C-A89E-F49000C039D7} = {B863BB40-09C4-4B14-9ABB-C039BC85E223}
		{8D0527CB-7399-42D0-AF9B-9C3ED29323C5} = {193E0079-874E-484A-896A-9AE206019D20}
		{F6030AAD-1BD6-4979-A18F-B46C25246DE9} = {B863BB40-09C4-4B14-9ABB-C039BC85E223}
		{12677965-F4C1-452A-A5A1-D635F11B9C98} = {1B339ED2-D31A-47B1-AF21-B6626403066B}
		{08E9655D-1121-4EB4-87CB-3CBEF8EBA65A} = {7C5BB394-D6C5-48A8-9C08-76FE87BD8AA8}
		{EB08194A-6AAE-4341-B57E-BBCA84389B70} = {48AC52DC-AF9B-4E81-9E04-56F7AC46F1B7}
		{D77EB90B-1F1D-4E14-B1C3-F67B46DB3ED9} = {193E0079-874E-484A-896A-9AE206019D20}
		{AE0C7966-6801-409E-9CF0-D4F9686EEF5B} = {48AC52DC-AF9B-4E81-9E04-56F7AC46F1B7}
		{27F5EAC2-1853-47CD-9156-3324ED320CFD} = {B863BB40-09C4-4B14-9ABB-C039BC85E223}
		{B677F274-8928-485E-80DF-A425AA1AC566} = {1B339ED2-D31A-47B1-AF21-B6626403066B}
		{40AF386D-B092-498E-9610-294EBA521EC3} = {1B339ED2-D31A-47B1-AF21-B6626403066B}
		{45CC295F-D3FE-4C31-B6CD-4C8604F5FEC6} = {193E0079-874E-484A-896A-9AE206019D20}
		{17A5A48A-AC1A-414B-9DED-7AE515C2DC6F} = {7C5BB394-D6C5-48A8-9C08-76FE87BD8AA8}
		{C9FC7D69-E2F3-422F-8322-9D15EE455DB1} = {B863BB40-09C4-4B14-9ABB-C039BC85E223}
		{80E474CE-7D45-492F-92B7-67A1ABD65CD7} = {193E0079-874E-484A-896A-9AE206019D20}
		{E3FDA1AA-689E-462C-BB9E-5F2ABC809212} = {B863BB40-09C4-4B14-9ABB-C039BC85E223}
		{F4324EF1-BAB6-47A5-89CF-2C4C2434E932} = {48AC52DC-AF9B-4E81-9E04-56F7AC46F1B7}
		{73A061BE-FC2B-4AE4-A246-D13FAFA391A6} = {5F09E10C-7D9E-44BC-B0E5-C48D58F2AACA}
		{4ED7247F-FA0A-41E6-BCC6-98ED006C146A} = {5F09E10C-7D9E-44BC-B0E5-C48D58F2AACA}
		{87824360-4F14-49EE-96A7-95712F862D3D} = {48AC52DC-AF9B-4E81-9E04-56F7AC46F1B7}
		{C7F351B3-FEE6-444E-9608-43E798BACB92} = {7C5BB394-D6C5-48A8-9C08-76FE87BD8AA8}
	EndGlobalSection
	GlobalSection(ExtensibilityGlobals) = postSolution
		SolutionGuid = {8F515946-359D-4F5A-8F0C-AF7D8F422303}
	EndGlobalSection
EndGlobal
